
Microsoft Visual Studio Solution File, Format Version 12.00
Project("{2150E333-8FDC-42A3-9474-1A3956D46DE8}") = "soluton items", "soluton items", "{EF9A20E0-36C3-4CDD-9921-32824583E5CC}"
	ProjectSection(SolutionItems) = preProject
		.editorconfig = .editorconfig
		Directory.Build.props = Directory.Build.props
		Directory.Packages.props = Directory.Packages.props
		.gitignore = .gitignore
	EndProjectSection
EndProject
Project("{2150E333-8FDC-42A3-9474-1A3956D46DE8}") = "src", "src", "{F806FB71-6BAC-4C69-AC7B-D4BA3505A048}"
EndProject
Project("{2150E333-8FDC-42A3-9474-1A3956D46DE8}") = "core", "core", "{4DC05B84-F726-47E1-BCF2-F94BFFE074B1}"
EndProject
Project("{FAE04EC0-301F-11D3-BF4B-00C04F79EFBC}") = "Domain", "src\core\Domain\Domain.csproj", "{8C4BD4ED-8344-44E8-9C5F-472BFFE37603}"
EndProject
Project("{FAE04EC0-301F-11D3-BF4B-00C04F79EFBC}") = "Application", "src\core\Application\Application.csproj", "{F571313C-10D4-4210-9F9A-4EDDDA1A2F55}"
EndProject
Project("{FAE04EC0-301F-11D3-BF4B-00C04F79EFBC}") = "ServiceDefaults", "src\core\ServiceDefaults\ServiceDefaults.csproj", "{E67A4CA9-A30F-4291-916B-7AF5E859936A}"
EndProject
Project("{FAE04EC0-301F-11D3-BF4B-00C04F79EFBC}") = "Infrastructure", "src\core\Infrastructure\Infrastructure.csproj", "{4D8FED0F-3F1B-4F3D-BF14-27C63C8A8C12}"
EndProject
Project("{FAE04EC0-301F-11D3-BF4B-00C04F79EFBC}") = "Web", "src\core\Web\Web.csproj", "{C5219706-C530-4A4D-90B2-9832A44F7933}"
EndProject
Project("{2150E333-8FDC-42A3-9474-1A3956D46DE8}") = "monitoring", "monitoring", "{9153E59D-AD85-43C7-8CBB-3C343BF94835}"
EndProject
Project("{2150E333-8FDC-42A3-9474-1A3956D46DE8}") = "actions", "actions", "{7F9C2236-32B0-42A4-B0D0-F1D1A84B6202}"
EndProject
Project("{2150E333-8FDC-42A3-9474-1A3956D46DE8}") = "events", "events", "{848AE9B2-A1F4-4D71-AA02-D6CCF9704E78}"
EndProject
Project("{FAE04EC0-301F-11D3-BF4B-00C04F79EFBC}") = "ResourceMonitoring.Windows", "src\monitoring\ResourceMonitoring.Windows\ResourceMonitoring.Windows.csproj", "{F6F3BE84-1E75-42E5-9A00-2A4E9CF3D03D}"
EndProject
Project("{FAE04EC0-301F-11D3-BF4B-00C04F79EFBC}") = "ResourceMonitoring.Linux", "src\monitoring\ResourceMonitoring.Linux\ResourceMonitoring.Linux.csproj", "{D77D5385-033C-4423-AA80-EADE4B3689F6}"
EndProject
Project("{FAE04EC0-301F-11D3-BF4B-00C04F79EFBC}") = "ResourceMonitoring.MacOs", "src\monitoring\ResourceMonitoring.MacOs\ResourceMonitoring.MacOs.csproj", "{D9772BD2-8907-4F4B-8843-D6029D4C96E0}"
EndProject
Global
	GlobalSection(SolutionConfigurationPlatforms) = preSolution
		Debug|Any CPU = Debug|Any CPU
		Release|Any CPU = Release|Any CPU
	EndGlobalSection
	GlobalSection(NestedProjects) = preSolution
		{4DC05B84-F726-47E1-BCF2-F94BFFE074B1} = {F806FB71-6BAC-4C69-AC7B-D4BA3505A048}
		{F571313C-10D4-4210-9F9A-4EDDDA1A2F55} = {4DC05B84-F726-47E1-BCF2-F94BFFE074B1}
		{C5219706-C530-4A4D-90B2-9832A44F7933} = {4DC05B84-F726-47E1-BCF2-F94BFFE074B1}
		{E67A4CA9-A30F-4291-916B-7AF5E859936A} = {4DC05B84-F726-47E1-BCF2-F94BFFE074B1}
		{8C4BD4ED-8344-44E8-9C5F-472BFFE37603} = {4DC05B84-F726-47E1-BCF2-F94BFFE074B1}
		{4D8FED0F-3F1B-4F3D-BF14-27C63C8A8C12} = {4DC05B84-F726-47E1-BCF2-F94BFFE074B1}
		{9153E59D-AD85-43C7-8CBB-3C343BF94835} = {F806FB71-6BAC-4C69-AC7B-D4BA3505A048}
		{7F9C2236-32B0-42A4-B0D0-F1D1A84B6202} = {F806FB71-6BAC-4C69-AC7B-D4BA3505A048}
		{848AE9B2-A1F4-4D71-AA02-D6CCF9704E78} = {F806FB71-6BAC-4C69-AC7B-D4BA3505A048}
		{F6F3BE84-1E75-42E5-9A00-2A4E9CF3D03D} = {9153E59D-AD85-43C7-8CBB-3C343BF94835}
		{D77D5385-033C-4423-AA80-EADE4B3689F6} = {9153E59D-AD85-43C7-8CBB-3C343BF94835}
		{D9772BD2-8907-4F4B-8843-D6029D4C96E0} = {9153E59D-AD85-43C7-8CBB-3C343BF94835}
	EndGlobalSection
	GlobalSection(ProjectConfigurationPlatforms) = postSolution
		{8C4BD4ED-8344-44E8-9C5F-472BFFE37603}.Debug|Any CPU.ActiveCfg = Debug|Any CPU
		{8C4BD4ED-8344-44E8-9C5F-472BFFE37603}.Debug|Any CPU.Build.0 = Debug|Any CPU
		{8C4BD4ED-8344-44E8-9C5F-472BFFE37603}.Release|Any CPU.ActiveCfg = Release|Any CPU
		{8C4BD4ED-8344-44E8-9C5F-472BFFE37603}.Release|Any CPU.Build.0 = Release|Any CPU
		{F571313C-10D4-4210-9F9A-4EDDDA1A2F55}.Debug|Any CPU.ActiveCfg = Debug|Any CPU
		{F571313C-10D4-4210-9F9A-4EDDDA1A2F55}.Debug|Any CPU.Build.0 = Debug|Any CPU
		{F571313C-10D4-4210-9F9A-4EDDDA1A2F55}.Release|Any CPU.ActiveCfg = Release|Any CPU
		{F571313C-10D4-4210-9F9A-4EDDDA1A2F55}.Release|Any CPU.Build.0 = Release|Any CPU
		{E67A4CA9-A30F-4291-916B-7AF5E859936A}.Debug|Any CPU.ActiveCfg = Debug|Any CPU
		{E67A4CA9-A30F-4291-916B-7AF5E859936A}.Debug|Any CPU.Build.0 = Debug|Any CPU
		{E67A4CA9-A30F-4291-916B-7AF5E859936A}.Release|Any CPU.ActiveCfg = Release|Any CPU
		{E67A4CA9-A30F-4291-916B-7AF5E859936A}.Release|Any CPU.Build.0 = Release|Any CPU
		{4D8FED0F-3F1B-4F3D-BF14-27C63C8A8C12}.Debug|Any CPU.ActiveCfg = Debug|Any CPU
		{4D8FED0F-3F1B-4F3D-BF14-27C63C8A8C12}.Debug|Any CPU.Build.0 = Debug|Any CPU
		{4D8FED0F-3F1B-4F3D-BF14-27C63C8A8C12}.Release|Any CPU.ActiveCfg = Release|Any CPU
		{4D8FED0F-3F1B-4F3D-BF14-27C63C8A8C12}.Release|Any CPU.Build.0 = Release|Any CPU
		{C5219706-C530-4A4D-90B2-9832A44F7933}.Debug|Any CPU.ActiveCfg = Debug|Any CPU
		{C5219706-C530-4A4D-90B2-9832A44F7933}.Debug|Any CPU.Build.0 = Debug|Any CPU
		{C5219706-C530-4A4D-90B2-9832A44F7933}.Release|Any CPU.ActiveCfg = Release|Any CPU
		{C5219706-C530-4A4D-90B2-9832A44F7933}.Release|Any CPU.Build.0 = Release|Any CPU
		{F6F3BE84-1E75-42E5-9A00-2A4E9CF3D03D}.Debug|Any CPU.ActiveCfg = Debug|Any CPU
		{F6F3BE84-1E75-42E5-9A00-2A4E9CF3D03D}.Debug|Any CPU.Build.0 = Debug|Any CPU
		{F6F3BE84-1E75-42E5-9A00-2A4E9CF3D03D}.Release|Any CPU.ActiveCfg = Release|Any CPU
		{F6F3BE84-1E75-42E5-9A00-2A4E9CF3D03D}.Release|Any CPU.Build.0 = Release|Any CPU
		{D77D5385-033C-4423-AA80-EADE4B3689F6}.Debug|Any CPU.ActiveCfg = Debug|Any CPU
		{D77D5385-033C-4423-AA80-EADE4B3689F6}.Debug|Any CPU.Build.0 = Debug|Any CPU
		{D77D5385-033C-4423-AA80-EADE4B3689F6}.Release|Any CPU.ActiveCfg = Release|Any CPU
		{D77D5385-033C-4423-AA80-EADE4B3689F6}.Release|Any CPU.Build.0 = Release|Any CPU
		{D9772BD2-8907-4F4B-8843-D6029D4C96E0}.Debug|Any CPU.ActiveCfg = Debug|Any CPU
		{D9772BD2-8907-4F4B-8843-D6029D4C96E0}.Debug|Any CPU.Build.0 = Debug|Any CPU
		{D9772BD2-8907-4F4B-8843-D6029D4C96E0}.Release|Any CPU.ActiveCfg = Release|Any CPU
		{D9772BD2-8907-4F4B-8843-D6029D4C96E0}.Release|Any CPU.Build.0 = Release|Any CPU
	EndGlobalSection
EndGlobal
